// !$*UTF8*$!
{
	archiveVersion = 1;
	classes = {
	};
	objectVersion = 50;
	objects = {

/* Begin PBXBuildFile section */
		012C3068226FD13B00BADEF9 /* AppDelegate.swift in Sources */ = {isa = PBXBuildFile; fileRef = 012C3067226FD13B00BADEF9 /* AppDelegate.swift */; };
		012C306D226FD13B00BADEF9 /* Main.storyboard in Resources */ = {isa = PBXBuildFile; fileRef = 012C306B226FD13B00BADEF9 /* Main.storyboard */; };
		012C306F226FD13B00BADEF9 /* Assets.xcassets in Resources */ = {isa = PBXBuildFile; fileRef = 012C306E226FD13B00BADEF9 /* Assets.xcassets */; };
		012C3072226FD13B00BADEF9 /* LaunchScreen.storyboard in Resources */ = {isa = PBXBuildFile; fileRef = 012C3070226FD13B00BADEF9 /* LaunchScreen.storyboard */; };
		3A5E19872606CD0000837A4A /* AccessoryDemoViewController.swift in Sources */ = {isa = PBXBuildFile; fileRef = 3A5E19862606CD0000837A4A /* AccessoryDemoViewController.swift */; };
		3A5E19892606CE4B00837A4A /* NearbyInteraction.framework in Frameworks */ = {isa = PBXBuildFile; fileRef = 3A5E19882606CE4B00837A4A /* NearbyInteraction.framework */; };
		3A5E198B2606CE5000837A4A /* CoreBluetooth.framework in Frameworks */ = {isa = PBXBuildFile; fileRef = 3A5E198A2606CE5000837A4A /* CoreBluetooth.framework */; };
		3AB619FE2606C487005014A2 /* BluetoothLECentral.swift in Sources */ = {isa = PBXBuildFile; fileRef = 3AB619FD2606C487005014A2 /* BluetoothLECentral.swift */; };
		A9A7C756227E1D6200F2CC59 /* README.md in Resources */ = {isa = PBXBuildFile; fileRef = A9A7C755227E1D6200F2CC59 /* README.md */; };
/* End PBXBuildFile section */

/* Begin PBXFileReference section */
		012C3064226FD13B00BADEF9 /* OpenTags.app */ = {isa = PBXFileReference; explicitFileType = wrapper.application; includeInIndex = 0; path = OpenTags.app; sourceTree = BUILT_PRODUCTS_DIR; };
		012C3067226FD13B00BADEF9 /* AppDelegate.swift */ = {isa = PBXFileReference; lastKnownFileType = sourcecode.swift; path = AppDelegate.swift; sourceTree = "<group>"; };
		012C306C226FD13B00BADEF9 /* Base */ = {isa = PBXFileReference; lastKnownFileType = file.storyboard; name = Base; path = Base.lproj/Main.storyboard; sourceTree = "<group>"; };
		012C306E226FD13B00BADEF9 /* Assets.xcassets */ = {isa = PBXFileReference; lastKnownFileType = folder.assetcatalog; path = Assets.xcassets; sourceTree = "<group>"; };
		012C3071226FD13B00BADEF9 /* Base */ = {isa = PBXFileReference; lastKnownFileType = file.storyboard; name = Base; path = Base.lproj/LaunchScreen.storyboard; sourceTree = "<group>"; };
		012C3073226FD13B00BADEF9 /* Info.plist */ = {isa = PBXFileReference; lastKnownFileType = text.plist.xml; path = Info.plist; sourceTree = "<group>"; };
		3A5E19862606CD0000837A4A /* AccessoryDemoViewController.swift */ = {isa = PBXFileReference; lastKnownFileType = sourcecode.swift; path = AccessoryDemoViewController.swift; sourceTree = "<group>"; };
		3A5E19882606CE4B00837A4A /* NearbyInteraction.framework */ = {isa = PBXFileReference; lastKnownFileType = wrapper.framework; name = NearbyInteraction.framework; path = Platforms/iPhoneOS.platform/Developer/SDKs/iPhoneOS15.0.Internal.sdk/System/Library/Frameworks/NearbyInteraction.framework; sourceTree = DEVELOPER_DIR; };
		3A5E198A2606CE5000837A4A /* CoreBluetooth.framework */ = {isa = PBXFileReference; lastKnownFileType = wrapper.framework; name = CoreBluetooth.framework; path = Platforms/iPhoneOS.platform/Developer/SDKs/iPhoneOS15.0.Internal.sdk/System/Library/Frameworks/CoreBluetooth.framework; sourceTree = DEVELOPER_DIR; };
		3AB619FD2606C487005014A2 /* BluetoothLECentral.swift */ = {isa = PBXFileReference; lastKnownFileType = sourcecode.swift; path = BluetoothLECentral.swift; sourceTree = "<group>"; };
		88E2F282E2613DBD2D34BAAB /* SampleCode.xcconfig */ = {isa = PBXFileReference; lastKnownFileType = text.xcconfig; name = SampleCode.xcconfig; path = Configuration/SampleCode.xcconfig; sourceTree = "<group>"; };
		A9A7C755227E1D6200F2CC59 /* README.md */ = {isa = PBXFileReference; fileEncoding = 4; lastKnownFileType = net.daringfireball.markdown; path = README.md; sourceTree = "<group>"; };
		BE0B97C22E79202C51FF70E5 /* LICENSE.txt */ = {isa = PBXFileReference; includeInIndex = 1; lastKnownFileType = text; path = LICENSE.txt; sourceTree = "<group>"; };
/* End PBXFileReference section */

/* Begin PBXFrameworksBuildPhase section */
		012C3061226FD13B00BADEF9 /* Frameworks */ = {
			isa = PBXFrameworksBuildPhase;
			buildActionMask = 2147483647;
			files = (
				3A5E198B2606CE5000837A4A /* CoreBluetooth.framework in Frameworks */,
				3A5E19892606CE4B00837A4A /* NearbyInteraction.framework in Frameworks */,
			);
			runOnlyForDeploymentPostprocessing = 0;
		};
/* End PBXFrameworksBuildPhase section */

/* Begin PBXGroup section */
		012C305B226FD13B00BADEF9 = {
			isa = PBXGroup;
			children = (
				A9A7C755227E1D6200F2CC59 /* README.md */,
				012C3066226FD13B00BADEF9 /* OpenTags */,
				012C3065226FD13B00BADEF9 /* Products */,
				A9FCEFA62293634C008CC0CF /* Frameworks */,
				D0887E186C8C54F49A98DFAD /* Configuration */,
				1F942FA9F35A69853BA0FD5F /* Configuration */,
				1878BD44FD7452E0AC8DD9B1 /* LICENSE */,
			);
			sourceTree = "<group>";
		};
		012C3065226FD13B00BADEF9 /* Products */ = {
			isa = PBXGroup;
			children = (
				012C3064226FD13B00BADEF9 /* OpenTags.app */,
			);
			name = Products;
			sourceTree = "<group>";
		};
		012C3066226FD13B00BADEF9 /* OpenTags */ = {
			isa = PBXGroup;
			children = (
				3A0936E52607ED9D00D072C7 /* BluetoothSupport */,
				012C3067226FD13B00BADEF9 /* AppDelegate.swift */,
				3A5E19862606CD0000837A4A /* AccessoryDemoViewController.swift */,
				012C306B226FD13B00BADEF9 /* Main.storyboard */,
				012C306E226FD13B00BADEF9 /* Assets.xcassets */,
				012C3070226FD13B00BADEF9 /* LaunchScreen.storyboard */,
				012C3073226FD13B00BADEF9 /* Info.plist */,
			);
			path = OpenTags;
			sourceTree = "<group>";
		};
		1878BD44FD7452E0AC8DD9B1 /* LICENSE */ = {
			isa = PBXGroup;
			children = (
				BE0B97C22E79202C51FF70E5 /* LICENSE.txt */,
			);
			path = LICENSE;
			sourceTree = "<group>";
		};
		1F942FA9F35A69853BA0FD5F /* Configuration */ = {
			isa = PBXGroup;
			children = (
				88E2F282E2613DBD2D34BAAB /* SampleCode.xcconfig */,
			);
			name = Configuration;
			sourceTree = "<group>";
		};
		3A0936E52607ED9D00D072C7 /* BluetoothSupport */ = {
			isa = PBXGroup;
			children = (
				3AB619FD2606C487005014A2 /* BluetoothLECentral.swift */,
			);
			path = BluetoothSupport;
			sourceTree = "<group>";
		};
		A9FCEFA62293634C008CC0CF /* Frameworks */ = {
			isa = PBXGroup;
			children = (
				3A5E198A2606CE5000837A4A /* CoreBluetooth.framework */,
				3A5E19882606CE4B00837A4A /* NearbyInteraction.framework */,
			);
			name = Frameworks;
			sourceTree = "<group>";
		};
		D0887E186C8C54F49A98DFAD /* Configuration */ = {
			isa = PBXGroup;
			children = (
			);
			name = Configuration;
			sourceTree = "<group>";
		};
/* End PBXGroup section */

/* Begin PBXNativeTarget section */
		012C3063226FD13B00BADEF9 /* OpenTags */ = {
			isa = PBXNativeTarget;
			buildConfigurationList = 012C3076226FD13B00BADEF9 /* Build configuration list for PBXNativeTarget "OpenTags" */;
			buildPhases = (
				012C3060226FD13B00BADEF9 /* Sources */,
				012C3061226FD13B00BADEF9 /* Frameworks */,
				012C3062226FD13B00BADEF9 /* Resources */,
			);
			buildRules = (
			);
			dependencies = (
			);
			name = OpenTags;
			productName = BTLETransfer;
			productReference = 012C3064226FD13B00BADEF9 /* OpenTags.app */;
			productType = "com.apple.product-type.application";
		};
/* End PBXNativeTarget section */

/* Begin PBXProject section */
		012C305C226FD13B00BADEF9 /* Project object */ = {
			isa = PBXProject;
			attributes = {
				LastSwiftUpdateCheck = 1010;
				LastUpgradeCheck = 1300;
				ORGANIZATIONNAME = Apple;
				TargetAttributes = {
					012C3063226FD13B00BADEF9 = {
						CreatedOnToolsVersion = 10.1;
						LastSwiftMigration = 1110;
					};
				};
			};
			buildConfigurationList = 012C305F226FD13B00BADEF9 /* Build configuration list for PBXProject "OpenTags" */;
			compatibilityVersion = "Xcode 9.3";
			developmentRegion = en;
			hasScannedForEncodings = 0;
			knownRegions = (
				en,
				Base,
			);
			mainGroup = 012C305B226FD13B00BADEF9;
			productRefGroup = 012C3065226FD13B00BADEF9 /* Products */;
			projectDirPath = "";
			projectRoot = "";
			targets = (
				012C3063226FD13B00BADEF9 /* OpenTags */,
			);
		};
/* End PBXProject section */

/* Begin PBXResourcesBuildPhase section */
		012C3062226FD13B00BADEF9 /* Resources */ = {
			isa = PBXResourcesBuildPhase;
			buildActionMask = 2147483647;
			files = (
				012C3072226FD13B00BADEF9 /* LaunchScreen.storyboard in Resources */,
				012C306F226FD13B00BADEF9 /* Assets.xcassets in Resources */,
				A9A7C756227E1D6200F2CC59 /* README.md in Resources */,
				012C306D226FD13B00BADEF9 /* Main.storyboard in Resources */,
			);
			runOnlyForDeploymentPostprocessing = 0;
		};
/* End PBXResourcesBuildPhase section */

/* Begin PBXSourcesBuildPhase section */
		012C3060226FD13B00BADEF9 /* Sources */ = {
			isa = PBXSourcesBuildPhase;
			buildActionMask = 2147483647;
			files = (
				3AB619FE2606C487005014A2 /* BluetoothLECentral.swift in Sources */,
				3A5E19872606CD0000837A4A /* AccessoryDemoViewController.swift in Sources */,
				012C3068226FD13B00BADEF9 /* AppDelegate.swift in Sources */,
			);
			runOnlyForDeploymentPostprocessing = 0;
		};
/* End PBXSourcesBuildPhase section */

/* Begin PBXVariantGroup section */
		012C306B226FD13B00BADEF9 /* Main.storyboard */ = {
			isa = PBXVariantGroup;
			children = (
				012C306C226FD13B00BADEF9 /* Base */,
			);
			name = Main.storyboard;
			sourceTree = "<group>";
		};
		012C3070226FD13B00BADEF9 /* LaunchScreen.storyboard */ = {
			isa = PBXVariantGroup;
			children = (
				012C3071226FD13B00BADEF9 /* Base */,
			);
			name = LaunchScreen.storyboard;
			sourceTree = "<group>";
		};
/* End PBXVariantGroup section */

/* Begin XCBuildConfiguration section */
		012C3074226FD13B00BADEF9 /* Debug */ = {
			isa = XCBuildConfiguration;
			baseConfigurationReference = 88E2F282E2613DBD2D34BAAB /* SampleCode.xcconfig */;
			buildSettings = {
				ALWAYS_SEARCH_USER_PATHS = NO;
				CLANG_ANALYZER_NONNULL = YES;
				CLANG_ANALYZER_NUMBER_OBJECT_CONVERSION = YES_AGGRESSIVE;
				CLANG_CXX_LANGUAGE_STANDARD = "gnu++14";
				CLANG_CXX_LIBRARY = "libc++";
				CLANG_ENABLE_MODULES = YES;
				CLANG_ENABLE_OBJC_ARC = YES;
				CLANG_ENABLE_OBJC_WEAK = YES;
				CLANG_WARN_BLOCK_CAPTURE_AUTORELEASING = YES;
				CLANG_WARN_BOOL_CONVERSION = YES;
				CLANG_WARN_COMMA = YES;
				CLANG_WARN_CONSTANT_CONVERSION = YES;
				CLANG_WARN_DEPRECATED_OBJC_IMPLEMENTATIONS = YES;
				CLANG_WARN_DIRECT_OBJC_ISA_USAGE = YES_ERROR;
				CLANG_WARN_DOCUMENTATION_COMMENTS = YES;
				CLANG_WARN_EMPTY_BODY = YES;
				CLANG_WARN_ENUM_CONVERSION = YES;
				CLANG_WARN_INFINITE_RECURSION = YES;
				CLANG_WARN_INT_CONVERSION = YES;
				CLANG_WARN_NON_LITERAL_NULL_CONVERSION = YES;
				CLANG_WARN_OBJC_IMPLICIT_RETAIN_SELF = YES;
				CLANG_WARN_OBJC_LITERAL_CONVERSION = YES;
				CLANG_WARN_OBJC_ROOT_CLASS = YES_ERROR;
				CLANG_WARN_QUOTED_INCLUDE_IN_FRAMEWORK_HEADER = YES;
				CLANG_WARN_RANGE_LOOP_ANALYSIS = YES;
				CLANG_WARN_STRICT_PROTOTYPES = YES;
				CLANG_WARN_SUSPICIOUS_MOVE = YES;
				CLANG_WARN_UNGUARDED_AVAILABILITY = YES_AGGRESSIVE;
				CLANG_WARN_UNREACHABLE_CODE = YES;
				CLANG_WARN__DUPLICATE_METHOD_MATCH = YES;
				CODE_SIGN_IDENTITY = "iPhone Developer";
				COPY_PHASE_STRIP = NO;
				DEBUG_INFORMATION_FORMAT = dwarf;
				ENABLE_STRICT_OBJC_MSGSEND = YES;
				ENABLE_TESTABILITY = YES;
				GCC_C_LANGUAGE_STANDARD = gnu11;
				GCC_DYNAMIC_NO_PIC = NO;
				GCC_NO_COMMON_BLOCKS = YES;
				GCC_OPTIMIZATION_LEVEL = 0;
				GCC_PREPROCESSOR_DEFINITIONS = (
					"DEBUG=1",
					"$(inherited)",
				);
				GCC_WARN_64_TO_32_BIT_CONVERSION = YES;
				GCC_WARN_ABOUT_RETURN_TYPE = YES_ERROR;
				GCC_WARN_UNDECLARED_SELECTOR = YES;
				GCC_WARN_UNINITIALIZED_AUTOS = YES_AGGRESSIVE;
				GCC_WARN_UNUSED_FUNCTION = YES;
				GCC_WARN_UNUSED_VARIABLE = YES;
				IPHONEOS_DEPLOYMENT_TARGET = 12.1;
				MTL_ENABLE_DEBUG_INFO = INCLUDE_SOURCE;
				MTL_FAST_MATH = YES;
				ONLY_ACTIVE_ARCH = YES;
				SDKROOT = iphoneos;
				SWIFT_ACTIVE_COMPILATION_CONDITIONS = DEBUG;
				SWIFT_OPTIMIZATION_LEVEL = "-Onone";
			};
			name = Debug;
		};
		012C3075226FD13B00BADEF9 /* Release */ = {
			isa = XCBuildConfiguration;
			baseConfigurationReference = 88E2F282E2613DBD2D34BAAB /* SampleCode.xcconfig */;
			buildSettings = {
				ALWAYS_SEARCH_USER_PATHS = NO;
				CLANG_ANALYZER_NONNULL = YES;
				CLANG_ANALYZER_NUMBER_OBJECT_CONVERSION = YES_AGGRESSIVE;
				CLANG_CXX_LANGUAGE_STANDARD = "gnu++14";
				CLANG_CXX_LIBRARY = "libc++";
				CLANG_ENABLE_MODULES = YES;
				CLANG_ENABLE_OBJC_ARC = YES;
				CLANG_ENABLE_OBJC_WEAK = YES;
				CLANG_WARN_BLOCK_CAPTURE_AUTORELEASING = YES;
				CLANG_WARN_BOOL_CONVERSION = YES;
				CLANG_WARN_COMMA = YES;
				CLANG_WARN_CONSTANT_CONVERSION = YES;
				CLANG_WARN_DEPRECATED_OBJC_IMPLEMENTATIONS = YES;
				CLANG_WARN_DIRECT_OBJC_ISA_USAGE = YES_ERROR;
				CLANG_WARN_DOCUMENTATION_COMMENTS = YES;
				CLANG_WARN_EMPTY_BODY = YES;
				CLANG_WARN_ENUM_CONVERSION = YES;
				CLANG_WARN_INFINITE_RECURSION = YES;
				CLANG_WARN_INT_CONVERSION = YES;
				CLANG_WARN_NON_LITERAL_NULL_CONVERSION = YES;
				CLANG_WARN_OBJC_IMPLICIT_RETAIN_SELF = YES;
				CLANG_WARN_OBJC_LITERAL_CONVERSION = YES;
				CLANG_WARN_OBJC_ROOT_CLASS = YES_ERROR;
				CLANG_WARN_QUOTED_INCLUDE_IN_FRAMEWORK_HEADER = YES;
				CLANG_WARN_RANGE_LOOP_ANALYSIS = YES;
				CLANG_WARN_STRICT_PROTOTYPES = YES;
				CLANG_WARN_SUSPICIOUS_MOVE = YES;
				CLANG_WARN_UNGUARDED_AVAILABILITY = YES_AGGRESSIVE;
				CLANG_WARN_UNREACHABLE_CODE = YES;
				CLANG_WARN__DUPLICATE_METHOD_MATCH = YES;
				CODE_SIGN_IDENTITY = "iPhone Developer";
				COPY_PHASE_STRIP = NO;
				DEBUG_INFORMATION_FORMAT = "dwarf-with-dsym";
				ENABLE_NS_ASSERTIONS = NO;
				ENABLE_STRICT_OBJC_MSGSEND = YES;
				GCC_C_LANGUAGE_STANDARD = gnu11;
				GCC_NO_COMMON_BLOCKS = YES;
				GCC_WARN_64_TO_32_BIT_CONVERSION = YES;
				GCC_WARN_ABOUT_RETURN_TYPE = YES_ERROR;
				GCC_WARN_UNDECLARED_SELECTOR = YES;
				GCC_WARN_UNINITIALIZED_AUTOS = YES_AGGRESSIVE;
				GCC_WARN_UNUSED_FUNCTION = YES;
				GCC_WARN_UNUSED_VARIABLE = YES;
				IPHONEOS_DEPLOYMENT_TARGET = 12.1;
				MTL_ENABLE_DEBUG_INFO = NO;
				MTL_FAST_MATH = YES;
				SDKROOT = iphoneos;
				SWIFT_COMPILATION_MODE = wholemodule;
				SWIFT_OPTIMIZATION_LEVEL = "-O";
				VALIDATE_PRODUCT = YES;
			};
			name = Release;
		};
		012C3077226FD13B00BADEF9 /* Debug */ = {
			isa = XCBuildConfiguration;
			baseConfigurationReference = 88E2F282E2613DBD2D34BAAB /* SampleCode.xcconfig */;
			buildSettings = {
				ASSETCATALOG_COMPILER_APPICON_NAME = AppIcon;
				CODE_SIGN_IDENTITY = "iPhone Developer";
				CODE_SIGN_STYLE = Automatic;
				DEVELOPMENT_TEAM = 8A5VTK243D;
				INFOPLIST_FILE = OpenTags/Info.plist;
				IPHONEOS_DEPLOYMENT_TARGET = 15.0;
				LD_RUNPATH_SEARCH_PATHS = (
					"$(inherited)",
					"@executable_path/Frameworks",
				);
				PRODUCT_BUNDLE_IDENTIFIER = "com.example.apple-samplecode.OpenTags${SAMPLE_CODE_DISAMBIGUATOR}";
				PRODUCT_NAME = "$(TARGET_NAME)";
				PROVISIONING_PROFILE_SPECIFIER = "";
				SDKROOT = iphoneos;
				SWIFT_VERSION = 5.0;
				TARGETED_DEVICE_FAMILY = 1;
			};
			name = Debug;
		};
		012C3078226FD13B00BADEF9 /* Release */ = {
			isa = XCBuildConfiguration;
			baseConfigurationReference = 88E2F282E2613DBD2D34BAAB /* SampleCode.xcconfig */;
			buildSettings = {
				ASSETCATALOG_COMPILER_APPICON_NAME = AppIcon;
				CODE_SIGN_IDENTITY = "iPhone Developer";
				CODE_SIGN_STYLE = Automatic;
				DEVELOPMENT_TEAM = 8A5VTK243D;
				INFOPLIST_FILE = OpenTags/Info.plist;
				IPHONEOS_DEPLOYMENT_TARGET = 15.0;
				LD_RUNPATH_SEARCH_PATHS = (
					"$(inherited)",
					"@executable_path/Frameworks",
				);
				PRODUCT_BUNDLE_IDENTIFIER = "com.example.apple-samplecode.OpenTags${SAMPLE_CODE_DISAMBIGUATOR}";
				PRODUCT_NAME = "$(TARGET_NAME)";
				PROVISIONING_PROFILE_SPECIFIER = "";
				SDKROOT = iphoneos;
				SWIFT_VERSION = 5.0;
				TARGETED_DEVICE_FAMILY = 1;
			};
			name = Release;
		};
/* End XCBuildConfiguration section */

/* Begin XCConfigurationList section */
		012C305F226FD13B00BADEF9 /* Build configuration list for PBXProject "OpenTags" */ = {
			isa = XCConfigurationList;
			buildConfigurations = (
				012C3074226FD13B00BADEF9 /* Debug */,
				012C3075226FD13B00BADEF9 /* Release */,
			);
			defaultConfigurationIsVisible = 0;
			defaultConfigurationName = Release;
		};
		012C3076226FD13B00BADEF9 /* Build configuration list for PBXNativeTarget "OpenTags" */ = {
			isa = XCConfigurationList;
			buildConfigurations = (
				012C3077226FD13B00BADEF9 /* Debug */,
				012C3078226FD13B00BADEF9 /* Release */,
			);
			defaultConfigurationIsVisible = 0;
			defaultConfigurationName = Release;
		};
/* End XCConfigurationList section */
	};
	rootObject = 012C305C226FD13B00BADEF9 /* Project object */;
}
